
Microsoft Visual Studio Solution File, Format Version 12.00
# Visual Studio Version 16
VisualStudioVersion = 16.0.29123.88
MinimumVisualStudioVersion = 10.0.40219.1
Project("{FAE04EC0-301F-11D3-BF4B-00C04F79EFBC}") = "MoneyTracker.Core", "MoneyTracker.Core\MoneyTracker.Core.csproj", "{E2415A5A-D6AF-4913-B1A8-EB5C0D341F52}"
EndProject
Project("{FAE04EC0-301F-11D3-BF4B-00C04F79EFBC}") = "MoneyTracker.Data", "MoneyTracker.Data\MoneyTracker.Data.csproj", "{B56626EE-58F9-46CD-8818-7898AC50F7D1}"
EndProject
Project("{FAE04EC0-301F-11D3-BF4B-00C04F79EFBC}") = "MoneyTracker.UI", "MoneyTracker.UI\MoneyTracker.UI.csproj", "{FF349F9D-180C-4AFA-9CA0-31CE9D2256A5}"
EndProject
Global
	GlobalSection(SolutionConfigurationPlatforms) = preSolution
		Debug|Any CPU = Debug|Any CPU
		Release|Any CPU = Release|Any CPU
	EndGlobalSection
	GlobalSection(ProjectConfigurationPlatforms) = postSolution
		{E2415A5A-D6AF-4913-B1A8-EB5C0D341F52}.Debug|Any CPU.ActiveCfg = Debug|Any CPU
		{E2415A5A-D6AF-4913-B1A8-EB5C0D341F52}.Debug|Any CPU.Build.0 = Debug|Any CPU
		{E2415A5A-D6AF-4913-B1A8-EB5C0D341F52}.Release|Any CPU.ActiveCfg = Release|Any CPU
		{E2415A5A-D6AF-4913-B1A8-EB5C0D341F52}.Release|Any CPU.Build.0 = Release|Any CPU
		{B56626EE-58F9-46CD-8818-7898AC50F7D1}.Debug|Any CPU.ActiveCfg = Debug|Any CPU
		{B56626EE-58F9-46CD-8818-7898AC50F7D1}.Debug|Any CPU.Build.0 = Debug|Any CPU
		{B56626EE-58F9-46CD-8818-7898AC50F7D1}.Release|Any CPU.ActiveCfg = Release|Any CPU
		{B56626EE-58F9-46CD-8818-7898AC50F7D1}.Release|Any CPU.Build.0 = Release|Any CPU
		{FF349F9D-180C-4AFA-9CA0-31CE9D2256A5}.Debug|Any CPU.ActiveCfg = Debug|Any CPU
		{FF349F9D-180C-4AFA-9CA0-31CE9D2256A5}.Debug|Any CPU.Build.0 = Debug|Any CPU
		{FF349F9D-180C-4AFA-9CA0-31CE9D2256A5}.Release|Any CPU.ActiveCfg = Release|Any CPU
		{FF349F9D-180C-4AFA-9CA0-31CE9D2256A5}.Release|Any CPU.Build.0 = Release|Any CPU
	EndGlobalSection
	GlobalSection(SolutionProperties) = preSolution
		HideSolutionNode = FALSE
	EndGlobalSection
	GlobalSection(ExtensibilityGlobals) = postSolution
		SolutionGuid = {3709FFE0-F2F4-44AE-AA56-BA6326D925A4}
	EndGlobalSection
EndGlobal
