
Microsoft Visual Studio Solution File, Format Version 12.00
# Visual Studio 14
VisualStudioVersion = 14.0.25420.1
MinimumVisualStudioVersion = 10.0.40219.1
Project("{FAE04EC0-301F-11D3-BF4B-00C04F79EFBC}") = "MoneyTrackerDataModel", "MoneyTrackerCore\MoneyTrackerDataModel.csproj", "{B56626EE-58F9-46CD-8818-7898AC50F7D1}"
EndProject
Project("{FAE04EC0-301F-11D3-BF4B-00C04F79EFBC}") = "MoneyTrackerTemp", "..\MoneyTrackerTemp\MoneyTrackerTemp.csproj", "{F7895C57-E524-4AC7-A0B4-1567C3C1229D}"
EndProject
Project("{FAE04EC0-301F-11D3-BF4B-00C04F79EFBC}") = "MoneyTracker", "MoneyTracker\MoneyTracker.csproj", "{FF349F9D-180C-4AFA-9CA0-31CE9D2256A5}"
EndProject
Global
	GlobalSection(SolutionConfigurationPlatforms) = preSolution
		Debug|Any CPU = Debug|Any CPU
		Release|Any CPU = Release|Any CPU
	EndGlobalSection
	GlobalSection(ProjectConfigurationPlatforms) = postSolution
		{B56626EE-58F9-46CD-8818-7898AC50F7D1}.Debug|Any CPU.ActiveCfg = Debug|Any CPU
		{B56626EE-58F9-46CD-8818-7898AC50F7D1}.Debug|Any CPU.Build.0 = Debug|Any CPU
		{B56626EE-58F9-46CD-8818-7898AC50F7D1}.Release|Any CPU.ActiveCfg = Release|Any CPU
		{B56626EE-58F9-46CD-8818-7898AC50F7D1}.Release|Any CPU.Build.0 = Release|Any CPU
		{F7895C57-E524-4AC7-A0B4-1567C3C1229D}.Debug|Any CPU.ActiveCfg = Debug|Any CPU
		{F7895C57-E524-4AC7-A0B4-1567C3C1229D}.Debug|Any CPU.Build.0 = Debug|Any CPU
		{F7895C57-E524-4AC7-A0B4-1567C3C1229D}.Release|Any CPU.ActiveCfg = Release|Any CPU
		{F7895C57-E524-4AC7-A0B4-1567C3C1229D}.Release|Any CPU.Build.0 = Release|Any CPU
		{FF349F9D-180C-4AFA-9CA0-31CE9D2256A5}.Debug|Any CPU.ActiveCfg = Debug|Any CPU
		{FF349F9D-180C-4AFA-9CA0-31CE9D2256A5}.Debug|Any CPU.Build.0 = Debug|Any CPU
		{FF349F9D-180C-4AFA-9CA0-31CE9D2256A5}.Release|Any CPU.ActiveCfg = Release|Any CPU
		{FF349F9D-180C-4AFA-9CA0-31CE9D2256A5}.Release|Any CPU.Build.0 = Release|Any CPU
	EndGlobalSection
	GlobalSection(SolutionProperties) = preSolution
		HideSolutionNode = FALSE
	EndGlobalSection
EndGlobal
